
Microsoft Visual Studio Solution File, Format Version 12.00
# Visual Studio Version 16
VisualStudioVersion = 16.0.30907.101
MinimumVisualStudioVersion = 10.0.40219.1
Project("{FAE04EC0-301F-11D3-BF4B-00C04F79EFBC}") = "3DWPacker", "3DWPacker\3DWPacker.csproj", "{B0113613-0D8C-43A3-91D3-C1227130D34B}"
EndProject
Global
	GlobalSection(SolutionConfigurationPlatforms) = preSolution
		Debug|Any CPU = Debug|Any CPU
		Release|Any CPU = Release|Any CPU
	EndGlobalSection
	GlobalSection(ProjectConfigurationPlatforms) = postSolution
		{B0113613-0D8C-43A3-91D3-C1227130D34B}.Debug|Any CPU.ActiveCfg = Debug|Any CPU
		{B0113613-0D8C-43A3-91D3-C1227130D34B}.Debug|Any CPU.Build.0 = Debug|Any CPU
		{B0113613-0D8C-43A3-91D3-C1227130D34B}.Release|Any CPU.ActiveCfg = Release|Any CPU
		{B0113613-0D8C-43A3-91D3-C1227130D34B}.Release|Any CPU.Build.0 = Release|Any CPU
	EndGlobalSection
	GlobalSection(SolutionProperties) = preSolution
		HideSolutionNode = FALSE
	EndGlobalSection
	GlobalSection(ExtensibilityGlobals) = postSolution
		SolutionGuid = {E051EA74-EF94-481F-A4AA-CF1D8487FB46}
	EndGlobalSection
EndGlobal
